// !$*UTF8*$!
{
	archiveVersion = 1;
	classes = {
	};
	objectVersion = 46;
	objects = {

/* Begin PBXBuildFile section */
		9305A5C61F5A863100FFC56C /* main.m in Sources */ = {isa = PBXBuildFile; fileRef = 9305A5C51F5A863100FFC56C /* main.m */; };
		9305A5D31F5A86BB00FFC56C /* HTMLNode.m in Sources */ = {isa = PBXBuildFile; fileRef = 9305A5CF1F5A86BB00FFC56C /* HTMLNode.m */; };
		9305A5D41F5A86BB00FFC56C /* HTMLParser.m in Sources */ = {isa = PBXBuildFile; fileRef = 9305A5D11F5A86BB00FFC56C /* HTMLParser.m */; };
		9305A5D51F5A86BB00FFC56C /* README.md in Sources */ = {isa = PBXBuildFile; fileRef = 9305A5D21F5A86BB00FFC56C /* README.md */; };
		9305A5DA1F5A8B6500FFC56C /* libxml2.2.tbd in Frameworks */ = {isa = PBXBuildFile; fileRef = 9305A5D91F5A8B6500FFC56C /* libxml2.2.tbd */; };
/* End PBXBuildFile section */

/* Begin PBXCopyFilesBuildPhase section */
		9305A5C01F5A863100FFC56C /* CopyFiles */ = {
			isa = PBXCopyFilesBuildPhase;
			buildActionMask = 2147483647;
			dstPath = /usr/share/man/man1/;
			dstSubfolderSpec = 0;
			files = (
			);
			runOnlyForDeploymentPostprocessing = 1;
		};
/* End PBXCopyFilesBuildPhase section */

/* Begin PBXFileReference section */
		9305A5C21F5A863100FFC56C /* open-jd-pic-tabs */ = {isa = PBXFileReference; explicitFileType = "compiled.mach-o.executable"; includeInIndex = 0; path = "open-jd-pic-tabs"; sourceTree = BUILT_PRODUCTS_DIR; };
		9305A5C51F5A863100FFC56C /* main.m */ = {isa = PBXFileReference; lastKnownFileType = sourcecode.c.objc; path = main.m; sourceTree = "<group>"; };
		9305A5CE1F5A86BB00FFC56C /* HTMLNode.h */ = {isa = PBXFileReference; fileEncoding = 4; lastKnownFileType = sourcecode.c.h; path = HTMLNode.h; sourceTree = "<group>"; };
		9305A5CF1F5A86BB00FFC56C /* HTMLNode.m */ = {isa = PBXFileReference; fileEncoding = 4; lastKnownFileType = sourcecode.c.objc; path = HTMLNode.m; sourceTree = "<group>"; };
		9305A5D01F5A86BB00FFC56C /* HTMLParser.h */ = {isa = PBXFileReference; fileEncoding = 4; lastKnownFileType = sourcecode.c.h; path = HTMLParser.h; sourceTree = "<group>"; };
		9305A5D11F5A86BB00FFC56C /* HTMLParser.m */ = {isa = PBXFileReference; fileEncoding = 4; lastKnownFileType = sourcecode.c.objc; path = HTMLParser.m; sourceTree = "<group>"; };
		9305A5D21F5A86BB00FFC56C /* README.md */ = {isa = PBXFileReference; fileEncoding = 4; lastKnownFileType = net.daringfireball.markdown; path = README.md; sourceTree = "<group>"; };
		9305A5D91F5A8B6500FFC56C /* libxml2.2.tbd */ = {isa = PBXFileReference; lastKnownFileType = "sourcecode.text-based-dylib-definition"; name = libxml2.2.tbd; path = usr/lib/libxml2.2.tbd; sourceTree = SDKROOT; };
/* End PBXFileReference section */

/* Begin PBXFrameworksBuildPhase section */
		9305A5BF1F5A863100FFC56C /* Frameworks */ = {
			isa = PBXFrameworksBuildPhase;
			buildActionMask = 2147483647;
			files = (
				9305A5DA1F5A8B6500FFC56C /* libxml2.2.tbd in Frameworks */,
			);
			runOnlyForDeploymentPostprocessing = 0;
		};
/* End PBXFrameworksBuildPhase section */

/* Begin PBXGroup section */
		9305A5B91F5A863100FFC56C = {
			isa = PBXGroup;
			children = (
				9305A5C41F5A863100FFC56C /* open-jd-pic-tabs */,
				9305A5C31F5A863100FFC56C /* Products */,
				9305A5D61F5A874400FFC56C /* Frameworks */,
			);
			sourceTree = "<group>";
		};
		9305A5C31F5A863100FFC56C /* Products */ = {
			isa = PBXGroup;
			children = (
				9305A5C21F5A863100FFC56C /* open-jd-pic-tabs */,
			);
			name = Products;
			sourceTree = "<group>";
		};
		9305A5C41F5A863100FFC56C /* open-jd-pic-tabs */ = {
			isa = PBXGroup;
			children = (
				9305A5CD1F5A86BB00FFC56C /* HTMLParser */,
				9305A5C51F5A863100FFC56C /* main.m */,
			);
			path = "open-jd-pic-tabs";
			sourceTree = "<group>";
		};
		9305A5CD1F5A86BB00FFC56C /* HTMLParser */ = {
			isa = PBXGroup;
			children = (
				9305A5CE1F5A86BB00FFC56C /* HTMLNode.h */,
				9305A5CF1F5A86BB00FFC56C /* HTMLNode.m */,
				9305A5D01F5A86BB00FFC56C /* HTMLParser.h */,
				9305A5D11F5A86BB00FFC56C /* HTMLParser.m */,
				9305A5D21F5A86BB00FFC56C /* README.md */,
			);
			path = HTMLParser;
			sourceTree = "<group>";
		};
		9305A5D61F5A874400FFC56C /* Frameworks */ = {
			isa = PBXGroup;
			children = (
				9305A5D91F5A8B6500FFC56C /* libxml2.2.tbd */,
			);
			name = Frameworks;
			sourceTree = "<group>";
		};
/* End PBXGroup section */

/* Begin PBXNativeTarget section */
		9305A5C11F5A863100FFC56C /* open-jd-pic-tabs */ = {
			isa = PBXNativeTarget;
			buildConfigurationList = 9305A5C91F5A863100FFC56C /* Build configuration list for PBXNativeTarget "open-jd-pic-tabs" */;
			buildPhases = (
				9305A5BE1F5A863100FFC56C /* Sources */,
				9305A5BF1F5A863100FFC56C /* Frameworks */,
				9305A5C01F5A863100FFC56C /* CopyFiles */,
			);
			buildRules = (
			);
			dependencies = (
			);
			name = "open-jd-pic-tabs";
			productName = "open-jd-pic-tabs";
			productReference = 9305A5C21F5A863100FFC56C /* open-jd-pic-tabs */;
			productType = "com.apple.product-type.tool";
		};
/* End PBXNativeTarget section */

/* Begin PBXProject section */
		9305A5BA1F5A863100FFC56C /* Project object */ = {
			isa = PBXProject;
			attributes = {
				LastUpgradeCheck = 0830;
				ORGANIZATIONNAME = "王乾舟";
				TargetAttributes = {
					9305A5C11F5A863100FFC56C = {
						CreatedOnToolsVersion = 8.3.3;
						ProvisioningStyle = Automatic;
					};
				};
			};
			buildConfigurationList = 9305A5BD1F5A863100FFC56C /* Build configuration list for PBXProject "open-jd-pic-tabs" */;
			compatibilityVersion = "Xcode 3.2";
			developmentRegion = English;
			hasScannedForEncodings = 0;
			knownRegions = (
				en,
			);
			mainGroup = 9305A5B91F5A863100FFC56C;
			productRefGroup = 9305A5C31F5A863100FFC56C /* Products */;
			projectDirPath = "";
			projectRoot = "";
			targets = (
				9305A5C11F5A863100FFC56C /* open-jd-pic-tabs */,
			);
		};
/* End PBXProject section */

/* Begin PBXSourcesBuildPhase section */
		9305A5BE1F5A863100FFC56C /* Sources */ = {
			isa = PBXSourcesBuildPhase;
			buildActionMask = 2147483647;
			files = (
				9305A5D31F5A86BB00FFC56C /* HTMLNode.m in Sources */,
				9305A5D41F5A86BB00FFC56C /* HTMLParser.m in Sources */,
				9305A5D51F5A86BB00FFC56C /* README.md in Sources */,
				9305A5C61F5A863100FFC56C /* main.m in Sources */,
			);
			runOnlyForDeploymentPostprocessing = 0;
		};
/* End PBXSourcesBuildPhase section */

/* Begin XCBuildConfiguration section */
		9305A5C71F5A863100FFC56C /* Debug */ = {
			isa = XCBuildConfiguration;
			buildSettings = {
				ALWAYS_SEARCH_USER_PATHS = NO;
				CLANG_ANALYZER_NONNULL = YES;
				CLANG_ANALYZER_NUMBER_OBJECT_CONVERSION = YES_AGGRESSIVE;
				CLANG_CXX_LANGUAGE_STANDARD = "gnu++0x";
				CLANG_CXX_LIBRARY = "libc++";
				CLANG_ENABLE_MODULES = YES;
				CLANG_ENABLE_OBJC_ARC = YES;
				CLANG_WARN_BOOL_CONVERSION = YES;
				CLANG_WARN_CONSTANT_CONVERSION = YES;
				CLANG_WARN_DIRECT_OBJC_ISA_USAGE = YES_ERROR;
				CLANG_WARN_DOCUMENTATION_COMMENTS = YES;
				CLANG_WARN_EMPTY_BODY = YES;
				CLANG_WARN_ENUM_CONVERSION = YES;
				CLANG_WARN_INFINITE_RECURSION = YES;
				CLANG_WARN_INT_CONVERSION = YES;
				CLANG_WARN_OBJC_ROOT_CLASS = YES_ERROR;
				CLANG_WARN_SUSPICIOUS_MOVE = YES;
				CLANG_WARN_UNREACHABLE_CODE = YES;
				CLANG_WARN__DUPLICATE_METHOD_MATCH = YES;
				CODE_SIGN_IDENTITY = "-";
				COPY_PHASE_STRIP = NO;
				DEBUG_INFORMATION_FORMAT = dwarf;
				ENABLE_STRICT_OBJC_MSGSEND = YES;
				ENABLE_TESTABILITY = YES;
				GCC_C_LANGUAGE_STANDARD = gnu99;
				GCC_DYNAMIC_NO_PIC = NO;
				GCC_NO_COMMON_BLOCKS = YES;
				GCC_OPTIMIZATION_LEVEL = 0;
				GCC_PREPROCESSOR_DEFINITIONS = (
					"DEBUG=1",
					"$(inherited)",
				);
				GCC_WARN_64_TO_32_BIT_CONVERSION = YES;
				GCC_WARN_ABOUT_RETURN_TYPE = YES_ERROR;
				GCC_WARN_UNDECLARED_SELECTOR = YES;
				GCC_WARN_UNINITIALIZED_AUTOS = YES_AGGRESSIVE;
				GCC_WARN_UNUSED_FUNCTION = YES;
				GCC_WARN_UNUSED_VARIABLE = YES;
				MACOSX_DEPLOYMENT_TARGET = 10.12;
				MTL_ENABLE_DEBUG_INFO = YES;
				ONLY_ACTIVE_ARCH = YES;
				SDKROOT = macosx;
			};
			name = Debug;
		};
		9305A5C81F5A863100FFC56C /* Release */ = {
			isa = XCBuildConfiguration;
			buildSettings = {
				ALWAYS_SEARCH_USER_PATHS = NO;
				CLANG_ANALYZER_NONNULL = YES;
				CLANG_ANALYZER_NUMBER_OBJECT_CONVERSION = YES_AGGRESSIVE;
				CLANG_CXX_LANGUAGE_STANDARD = "gnu++0x";
				CLANG_CXX_LIBRARY = "libc++";
				CLANG_ENABLE_MODULES = YES;
				CLANG_ENABLE_OBJC_ARC = YES;
				CLANG_WARN_BOOL_CONVERSION = YES;
				CLANG_WARN_CONSTANT_CONVERSION = YES;
				CLANG_WARN_DIRECT_OBJC_ISA_USAGE = YES_ERROR;
				CLANG_WARN_DOCUMENTATION_COMMENTS = YES;
				CLANG_WARN_EMPTY_BODY = YES;
				CLANG_WARN_ENUM_CONVERSION = YES;
				CLANG_WARN_INFINITE_RECURSION = YES;
				CLANG_WARN_INT_CONVERSION = YES;
				CLANG_WARN_OBJC_ROOT_CLASS = YES_ERROR;
				CLANG_WARN_SUSPICIOUS_MOVE = YES;
				CLANG_WARN_UNREACHABLE_CODE = YES;
				CLANG_WARN__DUPLICATE_METHOD_MATCH = YES;
				CODE_SIGN_IDENTITY = "-";
				COPY_PHASE_STRIP = NO;
				DEBUG_INFORMATION_FORMAT = "dwarf-with-dsym";
				ENABLE_NS_ASSERTIONS = NO;
				ENABLE_STRICT_OBJC_MSGSEND = YES;
				GCC_C_LANGUAGE_STANDARD = gnu99;
				GCC_NO_COMMON_BLOCKS = YES;
				GCC_WARN_64_TO_32_BIT_CONVERSION = YES;
				GCC_WARN_ABOUT_RETURN_TYPE = YES_ERROR;
				GCC_WARN_UNDECLARED_SELECTOR = YES;
				GCC_WARN_UNINITIALIZED_AUTOS = YES_AGGRESSIVE;
				GCC_WARN_UNUSED_FUNCTION = YES;
				GCC_WARN_UNUSED_VARIABLE = YES;
				MACOSX_DEPLOYMENT_TARGET = 10.12;
				MTL_ENABLE_DEBUG_INFO = NO;
				SDKROOT = macosx;
			};
			name = Release;
		};
		9305A5CA1F5A863100FFC56C /* Debug */ = {
			isa = XCBuildConfiguration;
			buildSettings = {
				HEADER_SEARCH_PATHS = "${SDKROOT}/usr/include/libxml2";
				PRODUCT_NAME = "$(TARGET_NAME)";
			};
			name = Debug;
		};
		9305A5CB1F5A863100FFC56C /* Release */ = {
			isa = XCBuildConfiguration;
			buildSettings = {
				HEADER_SEARCH_PATHS = "${SDKROOT}/usr/include/libxml2";
				PRODUCT_NAME = "$(TARGET_NAME)";
			};
			name = Release;
		};
/* End XCBuildConfiguration section */

/* Begin XCConfigurationList section */
		9305A5BD1F5A863100FFC56C /* Build configuration list for PBXProject "open-jd-pic-tabs" */ = {
			isa = XCConfigurationList;
			buildConfigurations = (
				9305A5C71F5A863100FFC56C /* Debug */,
				9305A5C81F5A863100FFC56C /* Release */,
			);
			defaultConfigurationIsVisible = 0;
			defaultConfigurationName = Release;
		};
		9305A5C91F5A863100FFC56C /* Build configuration list for PBXNativeTarget "open-jd-pic-tabs" */ = {
			isa = XCConfigurationList;
			buildConfigurations = (
				9305A5CA1F5A863100FFC56C /* Debug */,
				9305A5CB1F5A863100FFC56C /* Release */,
			);
			defaultConfigurationIsVisible = 0;
		};
/* End XCConfigurationList section */
	};
	rootObject = 9305A5BA1F5A863100FFC56C /* Project object */;
}
